// !$*UTF8*$!
{
	archiveVersion = 1;
	classes = {
	};
	objectVersion = 56;
	objects = {

/* Begin PBXBuildFile section */
		19927EB429810DEA00179686 /* HomeGridBoxView.swift in Sources */ = {isa = PBXBuildFile; fileRef = 19927EB329810DEA00179686 /* HomeGridBoxView.swift */; };
		19F6FB1B297D34F300F3A646 /* Kakaobank_clone_loinsirApp.swift in Sources */ = {isa = PBXBuildFile; fileRef = 19F6FB1A297D34F300F3A646 /* Kakaobank_clone_loinsirApp.swift */; };
		19F6FB1D297D34F300F3A646 /* ContentView.swift in Sources */ = {isa = PBXBuildFile; fileRef = 19F6FB1C297D34F300F3A646 /* ContentView.swift */; };
		19F6FB1F297D34F400F3A646 /* Assets.xcassets in Resources */ = {isa = PBXBuildFile; fileRef = 19F6FB1E297D34F400F3A646 /* Assets.xcassets */; };
		19F6FB22297D34F400F3A646 /* Preview Assets.xcassets in Resources */ = {isa = PBXBuildFile; fileRef = 19F6FB21297D34F400F3A646 /* Preview Assets.xcassets */; };
		19F6FB2C297D34F400F3A646 /* Kakaobank_clone_loinsirTests.swift in Sources */ = {isa = PBXBuildFile; fileRef = 19F6FB2B297D34F400F3A646 /* Kakaobank_clone_loinsirTests.swift */; };
		19F6FB36297D34F400F3A646 /* Kakaobank_clone_loinsirUITests.swift in Sources */ = {isa = PBXBuildFile; fileRef = 19F6FB35297D34F400F3A646 /* Kakaobank_clone_loinsirUITests.swift */; };
		19F6FB38297D34F400F3A646 /* Kakaobank_clone_loinsirUITestsLaunchTests.swift in Sources */ = {isa = PBXBuildFile; fileRef = 19F6FB37297D34F400F3A646 /* Kakaobank_clone_loinsirUITestsLaunchTests.swift */; };
/* End PBXBuildFile section */

/* Begin PBXContainerItemProxy section */
		19F6FB28297D34F400F3A646 /* PBXContainerItemProxy */ = {
			isa = PBXContainerItemProxy;
			containerPortal = 19F6FB0F297D34F300F3A646 /* Project object */;
			proxyType = 1;
			remoteGlobalIDString = 19F6FB16297D34F300F3A646;
			remoteInfo = "Kakaobank-clone-loinsir";
		};
		19F6FB32297D34F400F3A646 /* PBXContainerItemProxy */ = {
			isa = PBXContainerItemProxy;
			containerPortal = 19F6FB0F297D34F300F3A646 /* Project object */;
			proxyType = 1;
			remoteGlobalIDString = 19F6FB16297D34F300F3A646;
			remoteInfo = "Kakaobank-clone-loinsir";
		};
/* End PBXContainerItemProxy section */

/* Begin PBXFileReference section */
		19927EB329810DEA00179686 /* HomeGridBoxView.swift */ = {isa = PBXFileReference; lastKnownFileType = sourcecode.swift; path = HomeGridBoxView.swift; sourceTree = "<group>"; };
		19F6FB17297D34F300F3A646 /* Kakaobank-clone-loinsir.app */ = {isa = PBXFileReference; explicitFileType = wrapper.application; includeInIndex = 0; path = "Kakaobank-clone-loinsir.app"; sourceTree = BUILT_PRODUCTS_DIR; };
		19F6FB1A297D34F300F3A646 /* Kakaobank_clone_loinsirApp.swift */ = {isa = PBXFileReference; lastKnownFileType = sourcecode.swift; path = Kakaobank_clone_loinsirApp.swift; sourceTree = "<group>"; };
		19F6FB1C297D34F300F3A646 /* ContentView.swift */ = {isa = PBXFileReference; lastKnownFileType = sourcecode.swift; path = ContentView.swift; sourceTree = "<group>"; };
		19F6FB1E297D34F400F3A646 /* Assets.xcassets */ = {isa = PBXFileReference; lastKnownFileType = folder.assetcatalog; path = Assets.xcassets; sourceTree = "<group>"; };
		19F6FB21297D34F400F3A646 /* Preview Assets.xcassets */ = {isa = PBXFileReference; lastKnownFileType = folder.assetcatalog; path = "Preview Assets.xcassets"; sourceTree = "<group>"; };
		19F6FB27297D34F400F3A646 /* Kakaobank-clone-loinsirTests.xctest */ = {isa = PBXFileReference; explicitFileType = wrapper.cfbundle; includeInIndex = 0; path = "Kakaobank-clone-loinsirTests.xctest"; sourceTree = BUILT_PRODUCTS_DIR; };
		19F6FB2B297D34F400F3A646 /* Kakaobank_clone_loinsirTests.swift */ = {isa = PBXFileReference; lastKnownFileType = sourcecode.swift; path = Kakaobank_clone_loinsirTests.swift; sourceTree = "<group>"; };
		19F6FB31297D34F400F3A646 /* Kakaobank-clone-loinsirUITests.xctest */ = {isa = PBXFileReference; explicitFileType = wrapper.cfbundle; includeInIndex = 0; path = "Kakaobank-clone-loinsirUITests.xctest"; sourceTree = BUILT_PRODUCTS_DIR; };
		19F6FB35297D34F400F3A646 /* Kakaobank_clone_loinsirUITests.swift */ = {isa = PBXFileReference; lastKnownFileType = sourcecode.swift; path = Kakaobank_clone_loinsirUITests.swift; sourceTree = "<group>"; };
		19F6FB37297D34F400F3A646 /* Kakaobank_clone_loinsirUITestsLaunchTests.swift */ = {isa = PBXFileReference; lastKnownFileType = sourcecode.swift; path = Kakaobank_clone_loinsirUITestsLaunchTests.swift; sourceTree = "<group>"; };
/* End PBXFileReference section */

/* Begin PBXFrameworksBuildPhase section */
		19F6FB14297D34F300F3A646 /* Frameworks */ = {
			isa = PBXFrameworksBuildPhase;
			buildActionMask = 2147483647;
			files = (
			);
			runOnlyForDeploymentPostprocessing = 0;
		};
		19F6FB24297D34F400F3A646 /* Frameworks */ = {
			isa = PBXFrameworksBuildPhase;
			buildActionMask = 2147483647;
			files = (
			);
			runOnlyForDeploymentPostprocessing = 0;
		};
		19F6FB2E297D34F400F3A646 /* Frameworks */ = {
			isa = PBXFrameworksBuildPhase;
			buildActionMask = 2147483647;
			files = (
			);
			runOnlyForDeploymentPostprocessing = 0;
		};
/* End PBXFrameworksBuildPhase section */

/* Begin PBXGroup section */
		19927EB2298107FE00179686 /* View */ = {
			isa = PBXGroup;
			children = (
				19927EB329810DEA00179686 /* HomeGridBoxView.swift */,
			);
			path = View;
			sourceTree = "<group>";
		};
		19F6FB0E297D34F300F3A646 = {
			isa = PBXGroup;
			children = (
				19F6FB19297D34F300F3A646 /* Kakaobank-clone-loinsir */,
				19F6FB2A297D34F400F3A646 /* Kakaobank-clone-loinsirTests */,
				19F6FB34297D34F400F3A646 /* Kakaobank-clone-loinsirUITests */,
				19F6FB18297D34F300F3A646 /* Products */,
			);
			sourceTree = "<group>";
		};
		19F6FB18297D34F300F3A646 /* Products */ = {
			isa = PBXGroup;
			children = (
				19F6FB17297D34F300F3A646 /* Kakaobank-clone-loinsir.app */,
				19F6FB27297D34F400F3A646 /* Kakaobank-clone-loinsirTests.xctest */,
				19F6FB31297D34F400F3A646 /* Kakaobank-clone-loinsirUITests.xctest */,
			);
			name = Products;
			sourceTree = "<group>";
		};
		19F6FB19297D34F300F3A646 /* Kakaobank-clone-loinsir */ = {
			isa = PBXGroup;
			children = (
				19927EB2298107FE00179686 /* View */,
				19F6FB1A297D34F300F3A646 /* Kakaobank_clone_loinsirApp.swift */,
				19F6FB1C297D34F300F3A646 /* ContentView.swift */,
				19F6FB1E297D34F400F3A646 /* Assets.xcassets */,
				19F6FB20297D34F400F3A646 /* Preview Content */,
			);
			path = "Kakaobank-clone-loinsir";
			sourceTree = "<group>";
		};
		19F6FB20297D34F400F3A646 /* Preview Content */ = {
			isa = PBXGroup;
			children = (
				19F6FB21297D34F400F3A646 /* Preview Assets.xcassets */,
			);
			path = "Preview Content";
			sourceTree = "<group>";
		};
		19F6FB2A297D34F400F3A646 /* Kakaobank-clone-loinsirTests */ = {
			isa = PBXGroup;
			children = (
				19F6FB2B297D34F400F3A646 /* Kakaobank_clone_loinsirTests.swift */,
			);
			path = "Kakaobank-clone-loinsirTests";
			sourceTree = "<group>";
		};
		19F6FB34297D34F400F3A646 /* Kakaobank-clone-loinsirUITests */ = {
			isa = PBXGroup;
			children = (
				19F6FB35297D34F400F3A646 /* Kakaobank_clone_loinsirUITests.swift */,
				19F6FB37297D34F400F3A646 /* Kakaobank_clone_loinsirUITestsLaunchTests.swift */,
			);
			path = "Kakaobank-clone-loinsirUITests";
			sourceTree = "<group>";
		};
/* End PBXGroup section */

/* Begin PBXNativeTarget section */
		19F6FB16297D34F300F3A646 /* Kakaobank-clone-loinsir */ = {
			isa = PBXNativeTarget;
			buildConfigurationList = 19F6FB3B297D34F400F3A646 /* Build configuration list for PBXNativeTarget "Kakaobank-clone-loinsir" */;
			buildPhases = (
				19F6FB13297D34F300F3A646 /* Sources */,
				19F6FB14297D34F300F3A646 /* Frameworks */,
				19F6FB15297D34F300F3A646 /* Resources */,
			);
			buildRules = (
			);
			dependencies = (
			);
			name = "Kakaobank-clone-loinsir";
			productName = "Kakaobank-clone-loinsir";
			productReference = 19F6FB17297D34F300F3A646 /* Kakaobank-clone-loinsir.app */;
			productType = "com.apple.product-type.application";
		};
		19F6FB26297D34F400F3A646 /* Kakaobank-clone-loinsirTests */ = {
			isa = PBXNativeTarget;
			buildConfigurationList = 19F6FB3E297D34F400F3A646 /* Build configuration list for PBXNativeTarget "Kakaobank-clone-loinsirTests" */;
			buildPhases = (
				19F6FB23297D34F400F3A646 /* Sources */,
				19F6FB24297D34F400F3A646 /* Frameworks */,
				19F6FB25297D34F400F3A646 /* Resources */,
			);
			buildRules = (
			);
			dependencies = (
				19F6FB29297D34F400F3A646 /* PBXTargetDependency */,
			);
			name = "Kakaobank-clone-loinsirTests";
			productName = "Kakaobank-clone-loinsirTests";
			productReference = 19F6FB27297D34F400F3A646 /* Kakaobank-clone-loinsirTests.xctest */;
			productType = "com.apple.product-type.bundle.unit-test";
		};
		19F6FB30297D34F400F3A646 /* Kakaobank-clone-loinsirUITests */ = {
			isa = PBXNativeTarget;
			buildConfigurationList = 19F6FB41297D34F400F3A646 /* Build configuration list for PBXNativeTarget "Kakaobank-clone-loinsirUITests" */;
			buildPhases = (
				19F6FB2D297D34F400F3A646 /* Sources */,
				19F6FB2E297D34F400F3A646 /* Frameworks */,
				19F6FB2F297D34F400F3A646 /* Resources */,
			);
			buildRules = (
			);
			dependencies = (
				19F6FB33297D34F400F3A646 /* PBXTargetDependency */,
			);
			name = "Kakaobank-clone-loinsirUITests";
			productName = "Kakaobank-clone-loinsirUITests";
			productReference = 19F6FB31297D34F400F3A646 /* Kakaobank-clone-loinsirUITests.xctest */;
			productType = "com.apple.product-type.bundle.ui-testing";
		};
/* End PBXNativeTarget section */

/* Begin PBXProject section */
		19F6FB0F297D34F300F3A646 /* Project object */ = {
			isa = PBXProject;
			attributes = {
				BuildIndependentTargetsInParallel = 1;
				LastSwiftUpdateCheck = 1420;
				LastUpgradeCheck = 1420;
				TargetAttributes = {
					19F6FB16297D34F300F3A646 = {
						CreatedOnToolsVersion = 14.2;
					};
					19F6FB26297D34F400F3A646 = {
						CreatedOnToolsVersion = 14.2;
						TestTargetID = 19F6FB16297D34F300F3A646;
					};
					19F6FB30297D34F400F3A646 = {
						CreatedOnToolsVersion = 14.2;
						TestTargetID = 19F6FB16297D34F300F3A646;
					};
				};
			};
			buildConfigurationList = 19F6FB12297D34F300F3A646 /* Build configuration list for PBXProject "Kakaobank-clone-loinsir" */;
			compatibilityVersion = "Xcode 14.0";
			developmentRegion = en;
			hasScannedForEncodings = 0;
			knownRegions = (
				en,
				Base,
			);
			mainGroup = 19F6FB0E297D34F300F3A646;
			productRefGroup = 19F6FB18297D34F300F3A646 /* Products */;
			projectDirPath = "";
			projectRoot = "";
			targets = (
				19F6FB16297D34F300F3A646 /* Kakaobank-clone-loinsir */,
				19F6FB26297D34F400F3A646 /* Kakaobank-clone-loinsirTests */,
				19F6FB30297D34F400F3A646 /* Kakaobank-clone-loinsirUITests */,
			);
		};
/* End PBXProject section */

/* Begin PBXResourcesBuildPhase section */
		19F6FB15297D34F300F3A646 /* Resources */ = {
			isa = PBXResourcesBuildPhase;
			buildActionMask = 2147483647;
			files = (
				19F6FB22297D34F400F3A646 /* Preview Assets.xcassets in Resources */,
				19F6FB1F297D34F400F3A646 /* Assets.xcassets in Resources */,
			);
			runOnlyForDeploymentPostprocessing = 0;
		};
		19F6FB25297D34F400F3A646 /* Resources */ = {
			isa = PBXResourcesBuildPhase;
			buildActionMask = 2147483647;
			files = (
			);
			runOnlyForDeploymentPostprocessing = 0;
		};
		19F6FB2F297D34F400F3A646 /* Resources */ = {
			isa = PBXResourcesBuildPhase;
			buildActionMask = 2147483647;
			files = (
			);
			runOnlyForDeploymentPostprocessing = 0;
		};
/* End PBXResourcesBuildPhase section */

/* Begin PBXSourcesBuildPhase section */
		19F6FB13297D34F300F3A646 /* Sources */ = {
			isa = PBXSourcesBuildPhase;
			buildActionMask = 2147483647;
			files = (
				19F6FB1D297D34F300F3A646 /* ContentView.swift in Sources */,
				19927EB429810DEA00179686 /* HomeGridBoxView.swift in Sources */,
				19F6FB1B297D34F300F3A646 /* Kakaobank_clone_loinsirApp.swift in Sources */,
			);
			runOnlyForDeploymentPostprocessing = 0;
		};
		19F6FB23297D34F400F3A646 /* Sources */ = {
			isa = PBXSourcesBuildPhase;
			buildActionMask = 2147483647;
			files = (
				19F6FB2C297D34F400F3A646 /* Kakaobank_clone_loinsirTests.swift in Sources */,
			);
			runOnlyForDeploymentPostprocessing = 0;
		};
		19F6FB2D297D34F400F3A646 /* Sources */ = {
			isa = PBXSourcesBuildPhase;
			buildActionMask = 2147483647;
			files = (
				19F6FB36297D34F400F3A646 /* Kakaobank_clone_loinsirUITests.swift in Sources */,
				19F6FB38297D34F400F3A646 /* Kakaobank_clone_loinsirUITestsLaunchTests.swift in Sources */,
			);
			runOnlyForDeploymentPostprocessing = 0;
		};
/* End PBXSourcesBuildPhase section */

/* Begin PBXTargetDependency section */
		19F6FB29297D34F400F3A646 /* PBXTargetDependency */ = {
			isa = PBXTargetDependency;
			target = 19F6FB16297D34F300F3A646 /* Kakaobank-clone-loinsir */;
			targetProxy = 19F6FB28297D34F400F3A646 /* PBXContainerItemProxy */;
		};
		19F6FB33297D34F400F3A646 /* PBXTargetDependency */ = {
			isa = PBXTargetDependency;
			target = 19F6FB16297D34F300F3A646 /* Kakaobank-clone-loinsir */;
			targetProxy = 19F6FB32297D34F400F3A646 /* PBXContainerItemProxy */;
		};
/* End PBXTargetDependency section */

/* Begin XCBuildConfiguration section */
		19F6FB39297D34F400F3A646 /* Debug */ = {
			isa = XCBuildConfiguration;
			buildSettings = {
				ALWAYS_SEARCH_USER_PATHS = NO;
				CLANG_ANALYZER_NONNULL = YES;
				CLANG_ANALYZER_NUMBER_OBJECT_CONVERSION = YES_AGGRESSIVE;
				CLANG_CXX_LANGUAGE_STANDARD = "gnu++20";
				CLANG_ENABLE_MODULES = YES;
				CLANG_ENABLE_OBJC_ARC = YES;
				CLANG_ENABLE_OBJC_WEAK = YES;
				CLANG_WARN_BLOCK_CAPTURE_AUTORELEASING = YES;
				CLANG_WARN_BOOL_CONVERSION = YES;
				CLANG_WARN_COMMA = YES;
				CLANG_WARN_CONSTANT_CONVERSION = YES;
				CLANG_WARN_DEPRECATED_OBJC_IMPLEMENTATIONS = YES;
				CLANG_WARN_DIRECT_OBJC_ISA_USAGE = YES_ERROR;
				CLANG_WARN_DOCUMENTATION_COMMENTS = YES;
				CLANG_WARN_EMPTY_BODY = YES;
				CLANG_WARN_ENUM_CONVERSION = YES;
				CLANG_WARN_INFINITE_RECURSION = YES;
				CLANG_WARN_INT_CONVERSION = YES;
				CLANG_WARN_NON_LITERAL_NULL_CONVERSION = YES;
				CLANG_WARN_OBJC_IMPLICIT_RETAIN_SELF = YES;
				CLANG_WARN_OBJC_LITERAL_CONVERSION = YES;
				CLANG_WARN_OBJC_ROOT_CLASS = YES_ERROR;
				CLANG_WARN_QUOTED_INCLUDE_IN_FRAMEWORK_HEADER = YES;
				CLANG_WARN_RANGE_LOOP_ANALYSIS = YES;
				CLANG_WARN_STRICT_PROTOTYPES = YES;
				CLANG_WARN_SUSPICIOUS_MOVE = YES;
				CLANG_WARN_UNGUARDED_AVAILABILITY = YES_AGGRESSIVE;
				CLANG_WARN_UNREACHABLE_CODE = YES;
				CLANG_WARN__DUPLICATE_METHOD_MATCH = YES;
				COPY_PHASE_STRIP = NO;
				DEBUG_INFORMATION_FORMAT = dwarf;
				ENABLE_STRICT_OBJC_MSGSEND = YES;
				ENABLE_TESTABILITY = YES;
				GCC_C_LANGUAGE_STANDARD = gnu11;
				GCC_DYNAMIC_NO_PIC = NO;
				GCC_NO_COMMON_BLOCKS = YES;
				GCC_OPTIMIZATION_LEVEL = 0;
				GCC_PREPROCESSOR_DEFINITIONS = (
					"DEBUG=1",
					"$(inherited)",
				);
				GCC_WARN_64_TO_32_BIT_CONVERSION = YES;
				GCC_WARN_ABOUT_RETURN_TYPE = YES_ERROR;
				GCC_WARN_UNDECLARED_SELECTOR = YES;
				GCC_WARN_UNINITIALIZED_AUTOS = YES_AGGRESSIVE;
				GCC_WARN_UNUSED_FUNCTION = YES;
				GCC_WARN_UNUSED_VARIABLE = YES;
				IPHONEOS_DEPLOYMENT_TARGET = 16.2;
				MTL_ENABLE_DEBUG_INFO = INCLUDE_SOURCE;
				MTL_FAST_MATH = YES;
				ONLY_ACTIVE_ARCH = YES;
				SDKROOT = iphoneos;
				SWIFT_ACTIVE_COMPILATION_CONDITIONS = DEBUG;
				SWIFT_OPTIMIZATION_LEVEL = "-Onone";
			};
			name = Debug;
		};
		19F6FB3A297D34F400F3A646 /* Release */ = {
			isa = XCBuildConfiguration;
			buildSettings = {
				ALWAYS_SEARCH_USER_PATHS = NO;
				CLANG_ANALYZER_NONNULL = YES;
				CLANG_ANALYZER_NUMBER_OBJECT_CONVERSION = YES_AGGRESSIVE;
				CLANG_CXX_LANGUAGE_STANDARD = "gnu++20";
				CLANG_ENABLE_MODULES = YES;
				CLANG_ENABLE_OBJC_ARC = YES;
				CLANG_ENABLE_OBJC_WEAK = YES;
				CLANG_WARN_BLOCK_CAPTURE_AUTORELEASING = YES;
				CLANG_WARN_BOOL_CONVERSION = YES;
				CLANG_WARN_COMMA = YES;
				CLANG_WARN_CONSTANT_CONVERSION = YES;
				CLANG_WARN_DEPRECATED_OBJC_IMPLEMENTATIONS = YES;
				CLANG_WARN_DIRECT_OBJC_ISA_USAGE = YES_ERROR;
				CLANG_WARN_DOCUMENTATION_COMMENTS = YES;
				CLANG_WARN_EMPTY_BODY = YES;
				CLANG_WARN_ENUM_CONVERSION = YES;
				CLANG_WARN_INFINITE_RECURSION = YES;
				CLANG_WARN_INT_CONVERSION = YES;
				CLANG_WARN_NON_LITERAL_NULL_CONVERSION = YES;
				CLANG_WARN_OBJC_IMPLICIT_RETAIN_SELF = YES;
				CLANG_WARN_OBJC_LITERAL_CONVERSION = YES;
				CLANG_WARN_OBJC_ROOT_CLASS = YES_ERROR;
				CLANG_WARN_QUOTED_INCLUDE_IN_FRAMEWORK_HEADER = YES;
				CLANG_WARN_RANGE_LOOP_ANALYSIS = YES;
				CLANG_WARN_STRICT_PROTOTYPES = YES;
				CLANG_WARN_SUSPICIOUS_MOVE = YES;
				CLANG_WARN_UNGUARDED_AVAILABILITY = YES_AGGRESSIVE;
				CLANG_WARN_UNREACHABLE_CODE = YES;
				CLANG_WARN__DUPLICATE_METHOD_MATCH = YES;
				COPY_PHASE_STRIP = NO;
				DEBUG_INFORMATION_FORMAT = "dwarf-with-dsym";
				ENABLE_NS_ASSERTIONS = NO;
				ENABLE_STRICT_OBJC_MSGSEND = YES;
				GCC_C_LANGUAGE_STANDARD = gnu11;
				GCC_NO_COMMON_BLOCKS = YES;
				GCC_WARN_64_TO_32_BIT_CONVERSION = YES;
				GCC_WARN_ABOUT_RETURN_TYPE = YES_ERROR;
				GCC_WARN_UNDECLARED_SELECTOR = YES;
				GCC_WARN_UNINITIALIZED_AUTOS = YES_AGGRESSIVE;
				GCC_WARN_UNUSED_FUNCTION = YES;
				GCC_WARN_UNUSED_VARIABLE = YES;
				IPHONEOS_DEPLOYMENT_TARGET = 16.2;
				MTL_ENABLE_DEBUG_INFO = NO;
				MTL_FAST_MATH = YES;
				SDKROOT = iphoneos;
				SWIFT_COMPILATION_MODE = wholemodule;
				SWIFT_OPTIMIZATION_LEVEL = "-O";
				VALIDATE_PRODUCT = YES;
			};
			name = Release;
		};
		19F6FB3C297D34F400F3A646 /* Debug */ = {
			isa = XCBuildConfiguration;
			buildSettings = {
				ASSETCATALOG_COMPILER_APPICON_NAME = AppIcon;
				ASSETCATALOG_COMPILER_GLOBAL_ACCENT_COLOR_NAME = AccentColor;
				CODE_SIGN_STYLE = Automatic;
				CURRENT_PROJECT_VERSION = 1;
				DEVELOPMENT_ASSET_PATHS = "\"Kakaobank-clone-loinsir/Preview Content\"";
				DEVELOPMENT_TEAM = K2VAN9GH96;
				ENABLE_PREVIEWS = YES;
				GENERATE_INFOPLIST_FILE = YES;
				INFOPLIST_KEY_UIApplicationSceneManifest_Generation = YES;
				INFOPLIST_KEY_UIApplicationSupportsIndirectInputEvents = YES;
				INFOPLIST_KEY_UILaunchScreen_Generation = YES;
				INFOPLIST_KEY_UISupportedInterfaceOrientations_iPad = "UIInterfaceOrientationPortrait UIInterfaceOrientationPortraitUpsideDown UIInterfaceOrientationLandscapeLeft UIInterfaceOrientationLandscapeRight";
				INFOPLIST_KEY_UISupportedInterfaceOrientations_iPhone = "UIInterfaceOrientationPortrait UIInterfaceOrientationLandscapeLeft UIInterfaceOrientationLandscapeRight";
				LD_RUNPATH_SEARCH_PATHS = (
					"$(inherited)",
					"@executable_path/Frameworks",
				);
				MARKETING_VERSION = 1.0;
				PRODUCT_BUNDLE_IDENTIFIER = "com.loinsir.Kakaobank-clone-loinsir";
				PRODUCT_NAME = "$(TARGET_NAME)";
				SWIFT_EMIT_LOC_STRINGS = YES;
				SWIFT_VERSION = 5.0;
				TARGETED_DEVICE_FAMILY = "1,2";
			};
			name = Debug;
		};
		19F6FB3D297D34F400F3A646 /* Release */ = {
			isa = XCBuildConfiguration;
			buildSettings = {
				ASSETCATALOG_COMPILER_APPICON_NAME = AppIcon;
				ASSETCATALOG_COMPILER_GLOBAL_ACCENT_COLOR_NAME = AccentColor;
				CODE_SIGN_STYLE = Automatic;
				CURRENT_PROJECT_VERSION = 1;
				DEVELOPMENT_ASSET_PATHS = "\"Kakaobank-clone-loinsir/Preview Content\"";
				DEVELOPMENT_TEAM = K2VAN9GH96;
				ENABLE_PREVIEWS = YES;
				GENERATE_INFOPLIST_FILE = YES;
				INFOPLIST_KEY_UIApplicationSceneManifest_Generation = YES;
				INFOPLIST_KEY_UIApplicationSupportsIndirectInputEvents = YES;
				INFOPLIST_KEY_UILaunchScreen_Generation = YES;
				INFOPLIST_KEY_UISupportedInterfaceOrientations_iPad = "UIInterfaceOrientationPortrait UIInterfaceOrientationPortraitUpsideDown UIInterfaceOrientationLandscapeLeft UIInterfaceOrientationLandscapeRight";
				INFOPLIST_KEY_UISupportedInterfaceOrientations_iPhone = "UIInterfaceOrientationPortrait UIInterfaceOrientationLandscapeLeft UIInterfaceOrientationLandscapeRight";
				LD_RUNPATH_SEARCH_PATHS = (
					"$(inherited)",
					"@executable_path/Frameworks",
				);
				MARKETING_VERSION = 1.0;
				PRODUCT_BUNDLE_IDENTIFIER = "com.loinsir.Kakaobank-clone-loinsir";
				PRODUCT_NAME = "$(TARGET_NAME)";
				SWIFT_EMIT_LOC_STRINGS = YES;
				SWIFT_VERSION = 5.0;
				TARGETED_DEVICE_FAMILY = "1,2";
			};
			name = Release;
		};
		19F6FB3F297D34F400F3A646 /* Debug */ = {
			isa = XCBuildConfiguration;
			buildSettings = {
				ALWAYS_EMBED_SWIFT_STANDARD_LIBRARIES = YES;
				BUNDLE_LOADER = "$(TEST_HOST)";
				CODE_SIGN_STYLE = Automatic;
				CURRENT_PROJECT_VERSION = 1;
				DEVELOPMENT_TEAM = K2VAN9GH96;
				GENERATE_INFOPLIST_FILE = YES;
				IPHONEOS_DEPLOYMENT_TARGET = 16.2;
				MARKETING_VERSION = 1.0;
				PRODUCT_BUNDLE_IDENTIFIER = "com.loinsir.Kakaobank-clone-loinsirTests";
				PRODUCT_NAME = "$(TARGET_NAME)";
				SWIFT_EMIT_LOC_STRINGS = NO;
				SWIFT_VERSION = 5.0;
				TARGETED_DEVICE_FAMILY = "1,2";
				TEST_HOST = "$(BUILT_PRODUCTS_DIR)/Kakaobank-clone-loinsir.app/$(BUNDLE_EXECUTABLE_FOLDER_PATH)/Kakaobank-clone-loinsir";
			};
			name = Debug;
		};
		19F6FB40297D34F400F3A646 /* Release */ = {
			isa = XCBuildConfiguration;
			buildSettings = {
				ALWAYS_EMBED_SWIFT_STANDARD_LIBRARIES = YES;
				BUNDLE_LOADER = "$(TEST_HOST)";
				CODE_SIGN_STYLE = Automatic;
				CURRENT_PROJECT_VERSION = 1;
				DEVELOPMENT_TEAM = K2VAN9GH96;
				GENERATE_INFOPLIST_FILE = YES;
				IPHONEOS_DEPLOYMENT_TARGET = 16.2;
				MARKETING_VERSION = 1.0;
				PRODUCT_BUNDLE_IDENTIFIER = "com.loinsir.Kakaobank-clone-loinsirTests";
				PRODUCT_NAME = "$(TARGET_NAME)";
				SWIFT_EMIT_LOC_STRINGS = NO;
				SWIFT_VERSION = 5.0;
				TARGETED_DEVICE_FAMILY = "1,2";
				TEST_HOST = "$(BUILT_PRODUCTS_DIR)/Kakaobank-clone-loinsir.app/$(BUNDLE_EXECUTABLE_FOLDER_PATH)/Kakaobank-clone-loinsir";
			};
			name = Release;
		};
		19F6FB42297D34F400F3A646 /* Debug */ = {
			isa = XCBuildConfiguration;
			buildSettings = {
				ALWAYS_EMBED_SWIFT_STANDARD_LIBRARIES = YES;
				CODE_SIGN_STYLE = Automatic;
				CURRENT_PROJECT_VERSION = 1;
				DEVELOPMENT_TEAM = K2VAN9GH96;
				GENERATE_INFOPLIST_FILE = YES;
				MARKETING_VERSION = 1.0;
				PRODUCT_BUNDLE_IDENTIFIER = "com.loinsir.Kakaobank-clone-loinsirUITests";
				PRODUCT_NAME = "$(TARGET_NAME)";
				SWIFT_EMIT_LOC_STRINGS = NO;
				SWIFT_VERSION = 5.0;
				TARGETED_DEVICE_FAMILY = "1,2";
				TEST_TARGET_NAME = "Kakaobank-clone-loinsir";
			};
			name = Debug;
		};
		19F6FB43297D34F400F3A646 /* Release */ = {
			isa = XCBuildConfiguration;
			buildSettings = {
				ALWAYS_EMBED_SWIFT_STANDARD_LIBRARIES = YES;
				CODE_SIGN_STYLE = Automatic;
				CURRENT_PROJECT_VERSION = 1;
				DEVELOPMENT_TEAM = K2VAN9GH96;
				GENERATE_INFOPLIST_FILE = YES;
				MARKETING_VERSION = 1.0;
				PRODUCT_BUNDLE_IDENTIFIER = "com.loinsir.Kakaobank-clone-loinsirUITests";
				PRODUCT_NAME = "$(TARGET_NAME)";
				SWIFT_EMIT_LOC_STRINGS = NO;
				SWIFT_VERSION = 5.0;
				TARGETED_DEVICE_FAMILY = "1,2";
				TEST_TARGET_NAME = "Kakaobank-clone-loinsir";
			};
			name = Release;
		};
/* End XCBuildConfiguration section */

/* Begin XCConfigurationList section */
		19F6FB12297D34F300F3A646 /* Build configuration list for PBXProject "Kakaobank-clone-loinsir" */ = {
			isa = XCConfigurationList;
			buildConfigurations = (
				19F6FB39297D34F400F3A646 /* Debug */,
				19F6FB3A297D34F400F3A646 /* Release */,
			);
			defaultConfigurationIsVisible = 0;
			defaultConfigurationName = Release;
		};
		19F6FB3B297D34F400F3A646 /* Build configuration list for PBXNativeTarget "Kakaobank-clone-loinsir" */ = {
			isa = XCConfigurationList;
			buildConfigurations = (
				19F6FB3C297D34F400F3A646 /* Debug */,
				19F6FB3D297D34F400F3A646 /* Release */,
			);
			defaultConfigurationIsVisible = 0;
			defaultConfigurationName = Release;
		};
		19F6FB3E297D34F400F3A646 /* Build configuration list for PBXNativeTarget "Kakaobank-clone-loinsirTests" */ = {
			isa = XCConfigurationList;
			buildConfigurations = (
				19F6FB3F297D34F400F3A646 /* Debug */,
				19F6FB40297D34F400F3A646 /* Release */,
			);
			defaultConfigurationIsVisible = 0;
			defaultConfigurationName = Release;
		};
		19F6FB41297D34F400F3A646 /* Build configuration list for PBXNativeTarget "Kakaobank-clone-loinsirUITests" */ = {
			isa = XCConfigurationList;
			buildConfigurations = (
				19F6FB42297D34F400F3A646 /* Debug */,
				19F6FB43297D34F400F3A646 /* Release */,
			);
			defaultConfigurationIsVisible = 0;
			defaultConfigurationName = Release;
		};
/* End XCConfigurationList section */
	};
	rootObject = 19F6FB0F297D34F300F3A646 /* Project object */;
}
